
Microsoft Visual Studio Solution File, Format Version 12.00
# Visual Studio 15
VisualStudioVersion = 15.0.27428.2015
MinimumVisualStudioVersion = 10.0.40219.1
Project("{FAE04EC0-301F-11D3-BF4B-00C04F79EFBC}") = "Umplify.Bot.Activity", "Umplify.Bot.Activity\Umplify.Bot.Activity.csproj", "{2C0964ED-9380-4E38-BEEA-229C7D1776A3}"
EndProject
Project("{2150E333-8FDC-42A3-9474-1A3956D46DE8}") = "src", "src", "{62E3B4F5-A114-476D-AADE-CCF96A89DBBC}"
EndProject
Project("{2150E333-8FDC-42A3-9474-1A3956D46DE8}") = "docs", "docs", "{6E930F4C-C881-40BB-ADFE-623581659B72}"
	ProjectSection(SolutionItems) = preProject
		LICENSE = LICENSE
		README.md = README.md
	EndProjectSection
EndProject
Project("{2150E333-8FDC-42A3-9474-1A3956D46DE8}") = "Solution Items", "Solution Items", "{D9FDF98B-D5D3-42D8-BACC-5C876880F548}"
	ProjectSection(SolutionItems) = preProject
		.editorconfig = .editorconfig
	EndProjectSection
EndProject
Project("{9A19103F-16F7-4668-BE54-9A1E7A4F7556}") = "Umplify.Bot.Resolvers", "Umplify.Bot.Resolvers\Umplify.Bot.Resolvers.csproj", "{819A8C01-03A6-4E70-BA1B-73D07F494727}"
EndProject
Global
	GlobalSection(SolutionConfigurationPlatforms) = preSolution
		Debug|Any CPU = Debug|Any CPU
		Release|Any CPU = Release|Any CPU
	EndGlobalSection
	GlobalSection(ProjectConfigurationPlatforms) = postSolution
		{2C0964ED-9380-4E38-BEEA-229C7D1776A3}.Debug|Any CPU.ActiveCfg = Debug|Any CPU
		{2C0964ED-9380-4E38-BEEA-229C7D1776A3}.Debug|Any CPU.Build.0 = Debug|Any CPU
		{2C0964ED-9380-4E38-BEEA-229C7D1776A3}.Release|Any CPU.ActiveCfg = Release|Any CPU
		{2C0964ED-9380-4E38-BEEA-229C7D1776A3}.Release|Any CPU.Build.0 = Release|Any CPU
		{819A8C01-03A6-4E70-BA1B-73D07F494727}.Debug|Any CPU.ActiveCfg = Debug|Any CPU
		{819A8C01-03A6-4E70-BA1B-73D07F494727}.Debug|Any CPU.Build.0 = Debug|Any CPU
		{819A8C01-03A6-4E70-BA1B-73D07F494727}.Release|Any CPU.ActiveCfg = Release|Any CPU
		{819A8C01-03A6-4E70-BA1B-73D07F494727}.Release|Any CPU.Build.0 = Release|Any CPU
	EndGlobalSection
	GlobalSection(SolutionProperties) = preSolution
		HideSolutionNode = FALSE
	EndGlobalSection
	GlobalSection(NestedProjects) = preSolution
		{2C0964ED-9380-4E38-BEEA-229C7D1776A3} = {62E3B4F5-A114-476D-AADE-CCF96A89DBBC}
		{819A8C01-03A6-4E70-BA1B-73D07F494727} = {62E3B4F5-A114-476D-AADE-CCF96A89DBBC}
	EndGlobalSection
	GlobalSection(ExtensibilityGlobals) = postSolution
		SolutionGuid = {298675F8-2850-4433-A1E0-2CD3F9BFD6A9}
	EndGlobalSection
EndGlobal
